PODS:
  - Alamofire (5.4.3)
  - Kingfisher (6.3.1)

DEPENDENCIES:
  - Alamofire
  - Kingfisher

SPEC REPOS:
  trunk:
    - Alamofire
    - Kingfisher

SPEC CHECKSUMS:
  Alamofire: e447a2774a40c996748296fa2c55112fdbbc42f9
  Kingfisher: 016c8b653a35add51dd34a3aba36b580041acc74

PODFILE CHECKSUM: 3e0f5f25896c55bd64eab9524efc5ddb275bae1f

COCOAPODS: 1.10.2
